# This file was autogenerated by uv via the following command:
#    uv pip compile requirements.in -o requirements.lock
dill==0.4.0
    # via
    #   -r requirements.in
    #   qiskit
mpmath==1.3.0
    # via
    #   -r requirements.in
    #   sympy
networkx==3.4.2
    # via -r requirements.in
numpy==2.2.5
    # via
    #   -r requirements.in
    #   pandas
    #   qiskit
    #   qiskit-aer
    #   retworkx
    #   rustworkx
    #   scipy
pandas==2.2.3
    # via -r requirements.in
pbr==6.1.1
    # via
    #   -r requirements.in
    #   stevedore
psutil==7.0.0
    # via
    #   -r requirements.in
    #   qiskit-aer
pyarrow==20.0.0
    # via -r requirements.in
python-dateutil==2.9.0.post0
    # via
    #   -r requirements.in
    #   pandas
    #   qiskit
pytz==2025.2
    # via
    #   -r requirements.in
    #   pandas
qiskit==2.0.1
    # via
    #   -r requirements.in
    #   qiskit-aer
qiskit-aer==0.17.0
    # via -r requirements.in
retworkx==0.16.0
    # via -r requirements.in
rustworkx==0.16.0
    # via
    #   -r requirements.in
    #   qiskit
    #   retworkx
scipy==1.15.3
    # via
    #   -r requirements.in
    #   qiskit
    #   qiskit-aer
setuptools==80.7.1
    # via
    #   -r requirements.in
    #   pbr
six==1.17.0
    # via
    #   -r requirements.in
    #   python-dateutil
stevedore==5.4.1
    # via
    #   -r requirements.in
    #   qiskit
symengine==0.13.0
    # via
    #   -r requirements.in
    #   qiskit
sympy==1.14.0
    # via
    #   -r requirements.in
    #   qiskit
typing-extensions==4.13.2
    # via
    #   -r requirements.in
    #   qiskit
tzdata==2025.2
    # via
    #   -r requirements.in
    #   pandas
